// !$*UTF8*$!
{
	archiveVersion = 1;
	classes = {
	};
	objectVersion = 50;
	objects = {

/* Begin PBXBuildFile section */
		C65A58DE23980BAF007494C4 /* main.cpp in Sources */ = {isa = PBXBuildFile; fileRef = C65A58DD23980BAF007494C4 /* main.cpp */; };
		C65A58E423980BE0007494C4 /* Dec4_input in CopyFiles */ = {isa = PBXBuildFile; fileRef = C65A58E223980BBF007494C4 /* Dec4_input */; };
		C6B84E792395F4E3008851AA /* main.cpp in Sources */ = {isa = PBXBuildFile; fileRef = C6B84E782395F4E3008851AA /* main.cpp */; };
		C6B84E98239607B0008851AA /* main.cpp in Sources */ = {isa = PBXBuildFile; fileRef = C6B84E97239607B0008851AA /* main.cpp */; };
		C6B84EA22396215C008851AA /* main.cpp in Sources */ = {isa = PBXBuildFile; fileRef = C6B84EA12396215C008851AA /* main.cpp */; };
		C6B84EAB23974CBC008851AA /* Dec2_input in CopyFiles */ = {isa = PBXBuildFile; fileRef = C6B84E992396089D008851AA /* Dec2_input */; };
		C6B84EAC23974CE4008851AA /* Dec3_input in CopyFiles */ = {isa = PBXBuildFile; fileRef = C6B84EA72396217B008851AA /* Dec3_input */; };
		C6B84EC5239756F0008851AA /* Dec1_input in CopyFiles */ = {isa = PBXBuildFile; fileRef = C6B84E892395F6B5008851AA /* Dec1_input */; };
/* End PBXBuildFile section */

/* Begin PBXCopyFilesBuildPhase section */
		C65A58D923980BAF007494C4 /* CopyFiles */ = {
			isa = PBXCopyFilesBuildPhase;
			buildActionMask = 12;
			dstPath = "";
			dstSubfolderSpec = 16;
			files = (
				C65A58E423980BE0007494C4 /* Dec4_input in CopyFiles */,
			);
			runOnlyForDeploymentPostprocessing = 0;
		};
		C6B84E742395F4E3008851AA /* CopyFiles */ = {
			isa = PBXCopyFilesBuildPhase;
			buildActionMask = 12;
			dstPath = "";
			dstSubfolderSpec = 16;
			files = (
				C6B84EC5239756F0008851AA /* Dec1_input in CopyFiles */,
			);
			runOnlyForDeploymentPostprocessing = 0;
		};
		C6B84E8D23960759008851AA /* CopyFiles */ = {
			isa = PBXCopyFilesBuildPhase;
			buildActionMask = 12;
			dstPath = "";
			dstSubfolderSpec = 16;
			files = (
				C6B84EAB23974CBC008851AA /* Dec2_input in CopyFiles */,
			);
			runOnlyForDeploymentPostprocessing = 0;
		};
		C6B84E9D2396215C008851AA /* CopyFiles */ = {
			isa = PBXCopyFilesBuildPhase;
			buildActionMask = 12;
			dstPath = "";
			dstSubfolderSpec = 16;
			files = (
				C6B84EAC23974CE4008851AA /* Dec3_input in CopyFiles */,
			);
			runOnlyForDeploymentPostprocessing = 0;
		};
/* End PBXCopyFilesBuildPhase section */

/* Begin PBXFileReference section */
		C65A58DB23980BAF007494C4 /* Dec4 */ = {isa = PBXFileReference; explicitFileType = "compiled.mach-o.executable"; includeInIndex = 0; path = Dec4; sourceTree = BUILT_PRODUCTS_DIR; };
		C65A58DD23980BAF007494C4 /* main.cpp */ = {isa = PBXFileReference; lastKnownFileType = sourcecode.cpp.cpp; path = main.cpp; sourceTree = "<group>"; };
		C65A58E223980BBF007494C4 /* Dec4_input */ = {isa = PBXFileReference; lastKnownFileType = text; path = Dec4_input; sourceTree = "<group>"; };
		C65A58E323980BCE007494C4 /* README.md */ = {isa = PBXFileReference; lastKnownFileType = net.daringfireball.markdown; path = README.md; sourceTree = "<group>"; };
		C6B84E762395F4E3008851AA /* Dec1 */ = {isa = PBXFileReference; explicitFileType = "compiled.mach-o.executable"; includeInIndex = 0; path = Dec1; sourceTree = BUILT_PRODUCTS_DIR; };
		C6B84E782395F4E3008851AA /* main.cpp */ = {isa = PBXFileReference; lastKnownFileType = sourcecode.cpp.cpp; path = main.cpp; sourceTree = "<group>"; };
		C6B84E882395F5E1008851AA /* README.md */ = {isa = PBXFileReference; lastKnownFileType = net.daringfireball.markdown; path = README.md; sourceTree = "<group>"; };
		C6B84E892395F6B5008851AA /* Dec1_input */ = {isa = PBXFileReference; lastKnownFileType = text; path = Dec1_input; sourceTree = "<group>"; };
		C6B84E8A23960515008851AA /* README.md */ = {isa = PBXFileReference; lastKnownFileType = net.daringfireball.markdown; path = README.md; sourceTree = "<group>"; };
		C6B84E8F23960759008851AA /* Dec2 */ = {isa = PBXFileReference; explicitFileType = "compiled.mach-o.executable"; includeInIndex = 0; path = Dec2; sourceTree = BUILT_PRODUCTS_DIR; };
		C6B84E9623960788008851AA /* README.md */ = {isa = PBXFileReference; lastKnownFileType = net.daringfireball.markdown; path = README.md; sourceTree = "<group>"; };
		C6B84E97239607B0008851AA /* main.cpp */ = {isa = PBXFileReference; lastKnownFileType = sourcecode.cpp.cpp; path = main.cpp; sourceTree = "<group>"; };
		C6B84E992396089D008851AA /* Dec2_input */ = {isa = PBXFileReference; lastKnownFileType = text; path = Dec2_input; sourceTree = "<group>"; };
		C6B84E9F2396215C008851AA /* Dec3 */ = {isa = PBXFileReference; explicitFileType = "compiled.mach-o.executable"; includeInIndex = 0; path = Dec3; sourceTree = BUILT_PRODUCTS_DIR; };
		C6B84EA12396215C008851AA /* main.cpp */ = {isa = PBXFileReference; lastKnownFileType = sourcecode.cpp.cpp; path = main.cpp; sourceTree = "<group>"; };
		C6B84EA62396216A008851AA /* README.md */ = {isa = PBXFileReference; lastKnownFileType = net.daringfireball.markdown; path = README.md; sourceTree = "<group>"; };
		C6B84EA72396217B008851AA /* Dec3_input */ = {isa = PBXFileReference; lastKnownFileType = text; path = Dec3_input; sourceTree = "<group>"; };
/* End PBXFileReference section */

/* Begin PBXFrameworksBuildPhase section */
		C65A58D823980BAF007494C4 /* Frameworks */ = {
			isa = PBXFrameworksBuildPhase;
			buildActionMask = 2147483647;
			files = (
			);
			runOnlyForDeploymentPostprocessing = 0;
		};
		C6B84E732395F4E3008851AA /* Frameworks */ = {
			isa = PBXFrameworksBuildPhase;
			buildActionMask = 2147483647;
			files = (
			);
			runOnlyForDeploymentPostprocessing = 0;
		};
		C6B84E8C23960759008851AA /* Frameworks */ = {
			isa = PBXFrameworksBuildPhase;
			buildActionMask = 2147483647;
			files = (
			);
			runOnlyForDeploymentPostprocessing = 0;
		};
		C6B84E9C2396215C008851AA /* Frameworks */ = {
			isa = PBXFrameworksBuildPhase;
			buildActionMask = 2147483647;
			files = (
			);
			runOnlyForDeploymentPostprocessing = 0;
		};
/* End PBXFrameworksBuildPhase section */

/* Begin PBXGroup section */
		C65A58DC23980BAF007494C4 /* Dec4 */ = {
			isa = PBXGroup;
			children = (
				C65A58E323980BCE007494C4 /* README.md */,
				C65A58E223980BBF007494C4 /* Dec4_input */,
				C65A58DD23980BAF007494C4 /* main.cpp */,
			);
			path = Dec4;
			sourceTree = "<group>";
		};
		C6B84E5F2395F4D0008851AA = {
			isa = PBXGroup;
			children = (
				C6B84E772395F4E3008851AA /* Dec1 */,
				C6B84E9023960759008851AA /* Dec2 */,
				C6B84EA02396215C008851AA /* Dec3 */,
				C65A58DC23980BAF007494C4 /* Dec4 */,
				C6B84E692395F4D0008851AA /* Products */,
				C6B84E8A23960515008851AA /* README.md */,
			);
			sourceTree = "<group>";
		};
		C6B84E692395F4D0008851AA /* Products */ = {
			isa = PBXGroup;
			children = (
				C6B84E762395F4E3008851AA /* Dec1 */,
				C6B84E8F23960759008851AA /* Dec2 */,
				C6B84E9F2396215C008851AA /* Dec3 */,
				C65A58DB23980BAF007494C4 /* Dec4 */,
			);
			name = Products;
			sourceTree = "<group>";
		};
		C6B84E772395F4E3008851AA /* Dec1 */ = {
			isa = PBXGroup;
			children = (
				C6B84E882395F5E1008851AA /* README.md */,
				C6B84E892395F6B5008851AA /* Dec1_input */,
				C6B84E782395F4E3008851AA /* main.cpp */,
			);
			path = Dec1;
			sourceTree = "<group>";
		};
		C6B84E9023960759008851AA /* Dec2 */ = {
			isa = PBXGroup;
			children = (
				C6B84E9623960788008851AA /* README.md */,
				C6B84E992396089D008851AA /* Dec2_input */,
				C6B84E97239607B0008851AA /* main.cpp */,
			);
			path = Dec2;
			sourceTree = "<group>";
		};
		C6B84EA02396215C008851AA /* Dec3 */ = {
			isa = PBXGroup;
			children = (
				C6B84EA62396216A008851AA /* README.md */,
				C6B84EA72396217B008851AA /* Dec3_input */,
				C6B84EA12396215C008851AA /* main.cpp */,
			);
			path = Dec3;
			sourceTree = "<group>";
		};
/* End PBXGroup section */

/* Begin PBXNativeTarget section */
		C65A58DA23980BAF007494C4 /* Dec4 */ = {
			isa = PBXNativeTarget;
			buildConfigurationList = C65A58E123980BAF007494C4 /* Build configuration list for PBXNativeTarget "Dec4" */;
			buildPhases = (
				C65A58D723980BAF007494C4 /* Sources */,
				C65A58D823980BAF007494C4 /* Frameworks */,
				C65A58D923980BAF007494C4 /* CopyFiles */,
			);
			buildRules = (
			);
			dependencies = (
			);
			name = Dec4;
			productName = Dec4;
			productReference = C65A58DB23980BAF007494C4 /* Dec4 */;
			productType = "com.apple.product-type.tool";
		};
		C6B84E752395F4E3008851AA /* Dec1 */ = {
			isa = PBXNativeTarget;
			buildConfigurationList = C6B84E7A2395F4E3008851AA /* Build configuration list for PBXNativeTarget "Dec1" */;
			buildPhases = (
				C6B84E722395F4E3008851AA /* Sources */,
				C6B84E732395F4E3008851AA /* Frameworks */,
				C6B84E742395F4E3008851AA /* CopyFiles */,
			);
			buildRules = (
			);
			dependencies = (
			);
			name = Dec1;
			productName = Dec1;
			productReference = C6B84E762395F4E3008851AA /* Dec1 */;
			productType = "com.apple.product-type.tool";
		};
		C6B84E8E23960759008851AA /* Dec2 */ = {
			isa = PBXNativeTarget;
			buildConfigurationList = C6B84E9323960759008851AA /* Build configuration list for PBXNativeTarget "Dec2" */;
			buildPhases = (
				C6B84E8B23960759008851AA /* Sources */,
				C6B84E8C23960759008851AA /* Frameworks */,
				C6B84E8D23960759008851AA /* CopyFiles */,
			);
			buildRules = (
			);
			dependencies = (
			);
			name = Dec2;
			productName = Dec2;
			productReference = C6B84E8F23960759008851AA /* Dec2 */;
			productType = "com.apple.product-type.tool";
		};
		C6B84E9E2396215C008851AA /* Dec3 */ = {
			isa = PBXNativeTarget;
			buildConfigurationList = C6B84EA32396215C008851AA /* Build configuration list for PBXNativeTarget "Dec3" */;
			buildPhases = (
				C6B84E9B2396215C008851AA /* Sources */,
				C6B84E9C2396215C008851AA /* Frameworks */,
				C6B84E9D2396215C008851AA /* CopyFiles */,
			);
			buildRules = (
			);
			dependencies = (
			);
			name = Dec3;
			productName = Dec3;
			productReference = C6B84E9F2396215C008851AA /* Dec3 */;
			productType = "com.apple.product-type.tool";
		};
/* End PBXNativeTarget section */

/* Begin PBXProject section */
		C6B84E602395F4D0008851AA /* Project object */ = {
			isa = PBXProject;
			attributes = {
				LastUpgradeCheck = 1120;
				ORGANIZATIONNAME = 2etime;
				TargetAttributes = {
					C65A58DA23980BAF007494C4 = {
						CreatedOnToolsVersion = 11.2.1;
					};
					C6B84E752395F4E3008851AA = {
						CreatedOnToolsVersion = 11.2.1;
					};
					C6B84E8E23960759008851AA = {
						CreatedOnToolsVersion = 11.2.1;
					};
					C6B84E9E2396215C008851AA = {
						CreatedOnToolsVersion = 11.2.1;
					};
				};
			};
			buildConfigurationList = C6B84E632395F4D0008851AA /* Build configuration list for PBXProject "Twohy_Advent2019" */;
			compatibilityVersion = "Xcode 9.3";
			developmentRegion = en;
			hasScannedForEncodings = 0;
			knownRegions = (
				en,
				Base,
			);
			mainGroup = C6B84E5F2395F4D0008851AA;
			productRefGroup = C6B84E692395F4D0008851AA /* Products */;
			projectDirPath = "";
			projectRoot = "";
			targets = (
				C6B84E752395F4E3008851AA /* Dec1 */,
				C6B84E8E23960759008851AA /* Dec2 */,
				C6B84E9E2396215C008851AA /* Dec3 */,
				C65A58DA23980BAF007494C4 /* Dec4 */,
			);
		};
/* End PBXProject section */

/* Begin PBXSourcesBuildPhase section */
		C65A58D723980BAF007494C4 /* Sources */ = {
			isa = PBXSourcesBuildPhase;
			buildActionMask = 2147483647;
			files = (
				C65A58DE23980BAF007494C4 /* main.cpp in Sources */,
			);
			runOnlyForDeploymentPostprocessing = 0;
		};
		C6B84E722395F4E3008851AA /* Sources */ = {
			isa = PBXSourcesBuildPhase;
			buildActionMask = 2147483647;
			files = (
				C6B84E792395F4E3008851AA /* main.cpp in Sources */,
			);
			runOnlyForDeploymentPostprocessing = 0;
		};
		C6B84E8B23960759008851AA /* Sources */ = {
			isa = PBXSourcesBuildPhase;
			buildActionMask = 2147483647;
			files = (
				C6B84E98239607B0008851AA /* main.cpp in Sources */,
			);
			runOnlyForDeploymentPostprocessing = 0;
		};
		C6B84E9B2396215C008851AA /* Sources */ = {
			isa = PBXSourcesBuildPhase;
			buildActionMask = 2147483647;
			files = (
				C6B84EA22396215C008851AA /* main.cpp in Sources */,
			);
			runOnlyForDeploymentPostprocessing = 0;
		};
/* End PBXSourcesBuildPhase section */

/* Begin XCBuildConfiguration section */
		C65A58DF23980BAF007494C4 /* Debug */ = {
			isa = XCBuildConfiguration;
			buildSettings = {
				CODE_SIGN_STYLE = Automatic;
				DEVELOPMENT_TEAM = 9QQ2JZFGTQ;
				ENABLE_HARDENED_RUNTIME = YES;
				MACOSX_DEPLOYMENT_TARGET = 10.7;
				PRODUCT_NAME = "$(TARGET_NAME)";
			};
			name = Debug;
		};
		C65A58E023980BAF007494C4 /* Release */ = {
			isa = XCBuildConfiguration;
			buildSettings = {
				CODE_SIGN_STYLE = Automatic;
				DEVELOPMENT_TEAM = 9QQ2JZFGTQ;
				ENABLE_HARDENED_RUNTIME = YES;
				MACOSX_DEPLOYMENT_TARGET = 10.7;
				PRODUCT_NAME = "$(TARGET_NAME)";
			};
			name = Release;
		};
		C6B84E6D2395F4D0008851AA /* Debug */ = {
			isa = XCBuildConfiguration;
			buildSettings = {
				ALWAYS_SEARCH_USER_PATHS = NO;
				CLANG_ANALYZER_NONNULL = YES;
				CLANG_ANALYZER_NUMBER_OBJECT_CONVERSION = YES_AGGRESSIVE;
				CLANG_CXX_LANGUAGE_STANDARD = "gnu++14";
				CLANG_CXX_LIBRARY = "libc++";
				CLANG_ENABLE_MODULES = YES;
				CLANG_ENABLE_OBJC_ARC = YES;
				CLANG_ENABLE_OBJC_WEAK = YES;
				CLANG_WARN_BLOCK_CAPTURE_AUTORELEASING = YES;
				CLANG_WARN_BOOL_CONVERSION = YES;
				CLANG_WARN_COMMA = YES;
				CLANG_WARN_CONSTANT_CONVERSION = YES;
				CLANG_WARN_DEPRECATED_OBJC_IMPLEMENTATIONS = YES;
				CLANG_WARN_DIRECT_OBJC_ISA_USAGE = YES_ERROR;
				CLANG_WARN_DOCUMENTATION_COMMENTS = YES;
				CLANG_WARN_EMPTY_BODY = YES;
				CLANG_WARN_ENUM_CONVERSION = YES;
				CLANG_WARN_INFINITE_RECURSION = YES;
				CLANG_WARN_INT_CONVERSION = YES;
				CLANG_WARN_NON_LITERAL_NULL_CONVERSION = YES;
				CLANG_WARN_OBJC_IMPLICIT_RETAIN_SELF = YES;
				CLANG_WARN_OBJC_LITERAL_CONVERSION = YES;
				CLANG_WARN_OBJC_ROOT_CLASS = YES_ERROR;
				CLANG_WARN_RANGE_LOOP_ANALYSIS = YES;
				CLANG_WARN_STRICT_PROTOTYPES = YES;
				CLANG_WARN_SUSPICIOUS_MOVE = YES;
				CLANG_WARN_UNGUARDED_AVAILABILITY = YES_AGGRESSIVE;
				CLANG_WARN_UNREACHABLE_CODE = YES;
				CLANG_WARN__DUPLICATE_METHOD_MATCH = YES;
				COPY_PHASE_STRIP = NO;
				DEBUG_INFORMATION_FORMAT = dwarf;
				ENABLE_STRICT_OBJC_MSGSEND = YES;
				ENABLE_TESTABILITY = YES;
				GCC_C_LANGUAGE_STANDARD = gnu11;
				GCC_DYNAMIC_NO_PIC = NO;
				GCC_NO_COMMON_BLOCKS = YES;
				GCC_OPTIMIZATION_LEVEL = 0;
				GCC_PREPROCESSOR_DEFINITIONS = (
					"DEBUG=1",
					"$(inherited)",
				);
				GCC_WARN_64_TO_32_BIT_CONVERSION = YES;
				GCC_WARN_ABOUT_RETURN_TYPE = YES_ERROR;
				GCC_WARN_UNDECLARED_SELECTOR = YES;
				GCC_WARN_UNINITIALIZED_AUTOS = YES_AGGRESSIVE;
				GCC_WARN_UNUSED_FUNCTION = YES;
				GCC_WARN_UNUSED_VARIABLE = YES;
				MACOSX_DEPLOYMENT_TARGET = 10.15;
				MTL_ENABLE_DEBUG_INFO = INCLUDE_SOURCE;
				MTL_FAST_MATH = YES;
				ONLY_ACTIVE_ARCH = YES;
				SDKROOT = macosx;
			};
			name = Debug;
		};
		C6B84E6E2395F4D0008851AA /* Release */ = {
			isa = XCBuildConfiguration;
			buildSettings = {
				ALWAYS_SEARCH_USER_PATHS = NO;
				CLANG_ANALYZER_NONNULL = YES;
				CLANG_ANALYZER_NUMBER_OBJECT_CONVERSION = YES_AGGRESSIVE;
				CLANG_CXX_LANGUAGE_STANDARD = "gnu++14";
				CLANG_CXX_LIBRARY = "libc++";
				CLANG_ENABLE_MODULES = YES;
				CLANG_ENABLE_OBJC_ARC = YES;
				CLANG_ENABLE_OBJC_WEAK = YES;
				CLANG_WARN_BLOCK_CAPTURE_AUTORELEASING = YES;
				CLANG_WARN_BOOL_CONVERSION = YES;
				CLANG_WARN_COMMA = YES;
				CLANG_WARN_CONSTANT_CONVERSION = YES;
				CLANG_WARN_DEPRECATED_OBJC_IMPLEMENTATIONS = YES;
				CLANG_WARN_DIRECT_OBJC_ISA_USAGE = YES_ERROR;
				CLANG_WARN_DOCUMENTATION_COMMENTS = YES;
				CLANG_WARN_EMPTY_BODY = YES;
				CLANG_WARN_ENUM_CONVERSION = YES;
				CLANG_WARN_INFINITE_RECURSION = YES;
				CLANG_WARN_INT_CONVERSION = YES;
				CLANG_WARN_NON_LITERAL_NULL_CONVERSION = YES;
				CLANG_WARN_OBJC_IMPLICIT_RETAIN_SELF = YES;
				CLANG_WARN_OBJC_LITERAL_CONVERSION = YES;
				CLANG_WARN_OBJC_ROOT_CLASS = YES_ERROR;
				CLANG_WARN_RANGE_LOOP_ANALYSIS = YES;
				CLANG_WARN_STRICT_PROTOTYPES = YES;
				CLANG_WARN_SUSPICIOUS_MOVE = YES;
				CLANG_WARN_UNGUARDED_AVAILABILITY = YES_AGGRESSIVE;
				CLANG_WARN_UNREACHABLE_CODE = YES;
				CLANG_WARN__DUPLICATE_METHOD_MATCH = YES;
				COPY_PHASE_STRIP = NO;
				DEBUG_INFORMATION_FORMAT = "dwarf-with-dsym";
				ENABLE_NS_ASSERTIONS = NO;
				ENABLE_STRICT_OBJC_MSGSEND = YES;
				GCC_C_LANGUAGE_STANDARD = gnu11;
				GCC_NO_COMMON_BLOCKS = YES;
				GCC_WARN_64_TO_32_BIT_CONVERSION = YES;
				GCC_WARN_ABOUT_RETURN_TYPE = YES_ERROR;
				GCC_WARN_UNDECLARED_SELECTOR = YES;
				GCC_WARN_UNINITIALIZED_AUTOS = YES_AGGRESSIVE;
				GCC_WARN_UNUSED_FUNCTION = YES;
				GCC_WARN_UNUSED_VARIABLE = YES;
				MACOSX_DEPLOYMENT_TARGET = 10.15;
				MTL_ENABLE_DEBUG_INFO = NO;
				MTL_FAST_MATH = YES;
				SDKROOT = macosx;
			};
			name = Release;
		};
		C6B84E7B2395F4E3008851AA /* Debug */ = {
			isa = XCBuildConfiguration;
			buildSettings = {
				CLANG_CXX_LIBRARY = "libc++";
				CODE_SIGN_STYLE = Automatic;
				DEVELOPMENT_TEAM = 9QQ2JZFGTQ;
				ENABLE_HARDENED_RUNTIME = YES;
				MACOSX_DEPLOYMENT_TARGET = 10.7;
				PRODUCT_NAME = "$(TARGET_NAME)";
			};
			name = Debug;
		};
		C6B84E7C2395F4E3008851AA /* Release */ = {
			isa = XCBuildConfiguration;
			buildSettings = {
				CLANG_CXX_LIBRARY = "libc++";
				CODE_SIGN_STYLE = Automatic;
				DEVELOPMENT_TEAM = 9QQ2JZFGTQ;
				ENABLE_HARDENED_RUNTIME = YES;
				MACOSX_DEPLOYMENT_TARGET = 10.7;
				PRODUCT_NAME = "$(TARGET_NAME)";
			};
			name = Release;
		};
		C6B84E9423960759008851AA /* Debug */ = {
			isa = XCBuildConfiguration;
			buildSettings = {
				CLANG_CXX_LANGUAGE_STANDARD = "gnu++17";
				CODE_SIGN_STYLE = Automatic;
				DEVELOPMENT_TEAM = 9QQ2JZFGTQ;
				ENABLE_HARDENED_RUNTIME = YES;
				MACOSX_DEPLOYMENT_TARGET = 10.7;
				PRODUCT_NAME = "$(TARGET_NAME)";
			};
			name = Debug;
		};
		C6B84E9523960759008851AA /* Release */ = {
			isa = XCBuildConfiguration;
			buildSettings = {
				CLANG_CXX_LANGUAGE_STANDARD = "gnu++17";
				CODE_SIGN_STYLE = Automatic;
				DEVELOPMENT_TEAM = 9QQ2JZFGTQ;
				ENABLE_HARDENED_RUNTIME = YES;
				MACOSX_DEPLOYMENT_TARGET = 10.7;
				PRODUCT_NAME = "$(TARGET_NAME)";
			};
			name = Release;
		};
		C6B84EA42396215C008851AA /* Debug */ = {
			isa = XCBuildConfiguration;
			buildSettings = {
				CODE_SIGN_STYLE = Automatic;
				DEVELOPMENT_TEAM = 9QQ2JZFGTQ;
				ENABLE_HARDENED_RUNTIME = YES;
				MACOSX_DEPLOYMENT_TARGET = 10.7;
				PRODUCT_NAME = "$(TARGET_NAME)";
			};
			name = Debug;
		};
		C6B84EA52396215C008851AA /* Release */ = {
			isa = XCBuildConfiguration;
			buildSettings = {
				CODE_SIGN_STYLE = Automatic;
				DEVELOPMENT_TEAM = 9QQ2JZFGTQ;
				ENABLE_HARDENED_RUNTIME = YES;
				MACOSX_DEPLOYMENT_TARGET = 10.7;
				PRODUCT_NAME = "$(TARGET_NAME)";
			};
			name = Release;
		};
/* End XCBuildConfiguration section */

/* Begin XCConfigurationList section */
		C65A58E123980BAF007494C4 /* Build configuration list for PBXNativeTarget "Dec4" */ = {
			isa = XCConfigurationList;
			buildConfigurations = (
				C65A58DF23980BAF007494C4 /* Debug */,
				C65A58E023980BAF007494C4 /* Release */,
			);
			defaultConfigurationIsVisible = 0;
			defaultConfigurationName = Release;
		};
		C6B84E632395F4D0008851AA /* Build configuration list for PBXProject "Twohy_Advent2019" */ = {
			isa = XCConfigurationList;
			buildConfigurations = (
				C6B84E6D2395F4D0008851AA /* Debug */,
				C6B84E6E2395F4D0008851AA /* Release */,
			);
			defaultConfigurationIsVisible = 0;
			defaultConfigurationName = Release;
		};
		C6B84E7A2395F4E3008851AA /* Build configuration list for PBXNativeTarget "Dec1" */ = {
			isa = XCConfigurationList;
			buildConfigurations = (
				C6B84E7B2395F4E3008851AA /* Debug */,
				C6B84E7C2395F4E3008851AA /* Release */,
			);
			defaultConfigurationIsVisible = 0;
			defaultConfigurationName = Release;
		};
		C6B84E9323960759008851AA /* Build configuration list for PBXNativeTarget "Dec2" */ = {
			isa = XCConfigurationList;
			buildConfigurations = (
				C6B84E9423960759008851AA /* Debug */,
				C6B84E9523960759008851AA /* Release */,
			);
			defaultConfigurationIsVisible = 0;
			defaultConfigurationName = Release;
		};
		C6B84EA32396215C008851AA /* Build configuration list for PBXNativeTarget "Dec3" */ = {
			isa = XCConfigurationList;
			buildConfigurations = (
				C6B84EA42396215C008851AA /* Debug */,
				C6B84EA52396215C008851AA /* Release */,
			);
			defaultConfigurationIsVisible = 0;
			defaultConfigurationName = Release;
		};
/* End XCConfigurationList section */
	};
	rootObject = C6B84E602395F4D0008851AA /* Project object */;
}
